
Microsoft Visual Studio Solution File, Format Version 12.00
# Visual Studio Version 16
VisualStudioVersion = 16.0.29306.81
MinimumVisualStudioVersion = 10.0.40219.1
Project("{FAE04EC0-301F-11D3-BF4B-00C04F79EFBC}") = "prog3000assignment1", "prog3000assignment1\prog3000assignment1.csproj", "{33479490-D327-4E0A-8310-E09B6E2ED6A4}"
EndProject
Global
	GlobalSection(SolutionConfigurationPlatforms) = preSolution
		Debug|Any CPU = Debug|Any CPU
		Release|Any CPU = Release|Any CPU
	EndGlobalSection
	GlobalSection(ProjectConfigurationPlatforms) = postSolution
		{33479490-D327-4E0A-8310-E09B6E2ED6A4}.Debug|Any CPU.ActiveCfg = Debug|Any CPU
		{33479490-D327-4E0A-8310-E09B6E2ED6A4}.Debug|Any CPU.Build.0 = Debug|Any CPU
		{33479490-D327-4E0A-8310-E09B6E2ED6A4}.Release|Any CPU.ActiveCfg = Release|Any CPU
		{33479490-D327-4E0A-8310-E09B6E2ED6A4}.Release|Any CPU.Build.0 = Release|Any CPU
	EndGlobalSection
	GlobalSection(SolutionProperties) = preSolution
		HideSolutionNode = FALSE
	EndGlobalSection
	GlobalSection(ExtensibilityGlobals) = postSolution
		SolutionGuid = {F7333C80-544F-440B-AF49-60D96B1E6243}
	EndGlobalSection
EndGlobal
